// !$*UTF8*$!
{
	archiveVersion = 1;
	classes = {
	};
	objectVersion = 50;
	objects = {

/* Begin PBXBuildFile section */
		90B6E21B2070D02C00CFEDBF /* AppDelegate.swift in Sources */ = {isa = PBXBuildFile; fileRef = 90B6E21A2070D02C00CFEDBF /* AppDelegate.swift */; };
		90B6E21D2070D02C00CFEDBF /* ViewController.swift in Sources */ = {isa = PBXBuildFile; fileRef = 90B6E21C2070D02C00CFEDBF /* ViewController.swift */; };
		90B6E2202070D02C00CFEDBF /* Main.storyboard in Resources */ = {isa = PBXBuildFile; fileRef = 90B6E21E2070D02C00CFEDBF /* Main.storyboard */; };
		90B6E2222070D02F00CFEDBF /* Assets.xcassets in Resources */ = {isa = PBXBuildFile; fileRef = 90B6E2212070D02F00CFEDBF /* Assets.xcassets */; };
		90B6E2252070D02F00CFEDBF /* LaunchScreen.storyboard in Resources */ = {isa = PBXBuildFile; fileRef = 90B6E2232070D02F00CFEDBF /* LaunchScreen.storyboard */; };
		90B6E2302070D3BF00CFEDBF /* KMLibrary.framework in Frameworks */ = {isa = PBXBuildFile; fileRef = 90B6E22F2070D3BE00CFEDBF /* KMLibrary.framework */; };
		90B6E2312070D3CB00CFEDBF /* KMLibrary.framework in Copy Kotlin Common Library */ = {isa = PBXBuildFile; fileRef = 90B6E22F2070D3BE00CFEDBF /* KMLibrary.framework */; settings = {ATTRIBUTES = (CodeSignOnCopy, RemoveHeadersOnCopy, ); }; };
/* End PBXBuildFile section */

/* Begin PBXCopyFilesBuildPhase section */
		90B6E22C2070D18D00CFEDBF /* Copy Kotlin Common Library */ = {
			isa = PBXCopyFilesBuildPhase;
			buildActionMask = 2147483647;
			dstPath = "";
			dstSubfolderSpec = 10;
			files = (
				90B6E2312070D3CB00CFEDBF /* KMLibrary.framework in Copy Kotlin Common Library */,
			);
			name = "Copy Kotlin Common Library";
			runOnlyForDeploymentPostprocessing = 0;
		};
/* End PBXCopyFilesBuildPhase section */

/* Begin PBXFileReference section */
		90B6E2172070D02C00CFEDBF /* MultiplatformHost.app */ = {isa = PBXFileReference; explicitFileType = wrapper.application; includeInIndex = 0; path = MultiplatformHost.app; sourceTree = BUILT_PRODUCTS_DIR; };
		90B6E21A2070D02C00CFEDBF /* AppDelegate.swift */ = {isa = PBXFileReference; lastKnownFileType = sourcecode.swift; path = AppDelegate.swift; sourceTree = "<group>"; };
		90B6E21C2070D02C00CFEDBF /* ViewController.swift */ = {isa = PBXFileReference; lastKnownFileType = sourcecode.swift; path = ViewController.swift; sourceTree = "<group>"; };
		90B6E21F2070D02C00CFEDBF /* Base */ = {isa = PBXFileReference; lastKnownFileType = file.storyboard; name = Base; path = Base.lproj/Main.storyboard; sourceTree = "<group>"; };
		90B6E2212070D02F00CFEDBF /* Assets.xcassets */ = {isa = PBXFileReference; lastKnownFileType = folder.assetcatalog; path = Assets.xcassets; sourceTree = "<group>"; };
		90B6E2242070D02F00CFEDBF /* Base */ = {isa = PBXFileReference; lastKnownFileType = file.storyboard; name = Base; path = Base.lproj/LaunchScreen.storyboard; sourceTree = "<group>"; };
		90B6E2262070D02F00CFEDBF /* Info.plist */ = {isa = PBXFileReference; lastKnownFileType = text.plist.xml; path = Info.plist; sourceTree = "<group>"; };
		90B6E22F2070D3BE00CFEDBF /* KMLibrary.framework */ = {isa = PBXFileReference; lastKnownFileType = wrapper.framework; name = KMLibrary.framework; path = build/KMLibrary.framework; sourceTree = "<group>"; };
		90B6E2322070D40800CFEDBF /* MultiplatformHost-Bridging-Header.h */ = {isa = PBXFileReference; lastKnownFileType = sourcecode.c.h; path = "MultiplatformHost-Bridging-Header.h"; sourceTree = "<group>"; };
/* End PBXFileReference section */

/* Begin PBXFrameworksBuildPhase section */
		90B6E2142070D02C00CFEDBF /* Frameworks */ = {
			isa = PBXFrameworksBuildPhase;
			buildActionMask = 2147483647;
			files = (
				90B6E2302070D3BF00CFEDBF /* KMLibrary.framework in Frameworks */,
			);
			runOnlyForDeploymentPostprocessing = 0;
		};
/* End PBXFrameworksBuildPhase section */

/* Begin PBXGroup section */
		90B6E20E2070D02C00CFEDBF = {
			isa = PBXGroup;
			children = (
				90B6E2192070D02C00CFEDBF /* MultiplatformHost */,
				90B6E2322070D40800CFEDBF /* MultiplatformHost-Bridging-Header.h */,
				90B6E2182070D02C00CFEDBF /* Products */,
				90B6E22E2070D3BE00CFEDBF /* Frameworks */,
			);
			sourceTree = "<group>";
		};
		90B6E2182070D02C00CFEDBF /* Products */ = {
			isa = PBXGroup;
			children = (
				90B6E2172070D02C00CFEDBF /* MultiplatformHost.app */,
			);
			name = Products;
			sourceTree = "<group>";
		};
		90B6E2192070D02C00CFEDBF /* MultiplatformHost */ = {
			isa = PBXGroup;
			children = (
				90B6E21A2070D02C00CFEDBF /* AppDelegate.swift */,
				90B6E21C2070D02C00CFEDBF /* ViewController.swift */,
				90B6E21E2070D02C00CFEDBF /* Main.storyboard */,
				90B6E2212070D02F00CFEDBF /* Assets.xcassets */,
				90B6E2232070D02F00CFEDBF /* LaunchScreen.storyboard */,
				90B6E2262070D02F00CFEDBF /* Info.plist */,
			);
			path = MultiplatformHost;
			sourceTree = "<group>";
		};
		90B6E22E2070D3BE00CFEDBF /* Frameworks */ = {
			isa = PBXGroup;
			children = (
				90B6E22F2070D3BE00CFEDBF /* KMLibrary.framework */,
			);
			name = Frameworks;
			sourceTree = "<group>";
		};
/* End PBXGroup section */

/* Begin PBXNativeTarget section */
		90B6E2162070D02C00CFEDBF /* MultiplatformHost */ = {
			isa = PBXNativeTarget;
			buildConfigurationList = 90B6E2292070D02F00CFEDBF /* Build configuration list for PBXNativeTarget "MultiplatformHost" */;
			buildPhases = (
				90B6E22D2070D19E00CFEDBF /* Build Kotlin Common Library */,
				90B6E2132070D02C00CFEDBF /* Sources */,
				90B6E2142070D02C00CFEDBF /* Frameworks */,
				90B6E2152070D02C00CFEDBF /* Resources */,
				90B6E22C2070D18D00CFEDBF /* Copy Kotlin Common Library */,
			);
			buildRules = (
			);
			dependencies = (
			);
			name = MultiplatformHost;
			productName = MultiplatformHost;
			productReference = 90B6E2172070D02C00CFEDBF /* MultiplatformHost.app */;
			productType = "com.apple.product-type.application";
		};
/* End PBXNativeTarget section */

/* Begin PBXProject section */
		90B6E20F2070D02C00CFEDBF /* Project object */ = {
			isa = PBXProject;
			attributes = {
				LastSwiftUpdateCheck = 0930;
				LastUpgradeCheck = 0930;
				TargetAttributes = {
					90B6E2162070D02C00CFEDBF = {
						CreatedOnToolsVersion = 9.3;
					};
				};
			};
			buildConfigurationList = 90B6E2122070D02C00CFEDBF /* Build configuration list for PBXProject "MultiplatformHost" */;
			compatibilityVersion = "Xcode 9.3";
			developmentRegion = en;
			hasScannedForEncodings = 0;
			knownRegions = (
				en,
				Base,
			);
			mainGroup = 90B6E20E2070D02C00CFEDBF;
			productRefGroup = 90B6E2182070D02C00CFEDBF /* Products */;
			projectDirPath = "";
			projectRoot = "";
			targets = (
				90B6E2162070D02C00CFEDBF /* MultiplatformHost */,
			);
		};
/* End PBXProject section */

/* Begin PBXResourcesBuildPhase section */
		90B6E2152070D02C00CFEDBF /* Resources */ = {
			isa = PBXResourcesBuildPhase;
			buildActionMask = 2147483647;
			files = (
				90B6E2252070D02F00CFEDBF /* LaunchScreen.storyboard in Resources */,
				90B6E2222070D02F00CFEDBF /* Assets.xcassets in Resources */,
				90B6E2202070D02C00CFEDBF /* Main.storyboard in Resources */,
			);
			runOnlyForDeploymentPostprocessing = 0;
		};
/* End PBXResourcesBuildPhase section */

/* Begin PBXShellScriptBuildPhase section */
		90B6E22D2070D19E00CFEDBF /* Build Kotlin Common Library */ = {
			isa = PBXShellScriptBuildPhase;
			buildActionMask = 2147483647;
			files = (
			);
			inputPaths = (
			);
			name = "Build Kotlin Common Library";
			outputPaths = (
			);
			runOnlyForDeploymentPostprocessing = 0;
			shellPath = /bin/sh;
			shellScript = "mkdir -p \"$SRCROOT/build\"\n\"$SRCROOT/../gradlew\" -p \"$SRCROOT/../platform.ios\" build\nrm -rf \"$SRCROOT\"/build/*.framework\ncp -a \"$KONAN_LIBRARY_BUILD_DIR\"/*.framework \"$SRCROOT/build\"\n";
		};
/* End PBXShellScriptBuildPhase section */

/* Begin PBXSourcesBuildPhase section */
		90B6E2132070D02C00CFEDBF /* Sources */ = {
			isa = PBXSourcesBuildPhase;
			buildActionMask = 2147483647;
			files = (
				90B6E21D2070D02C00CFEDBF /* ViewController.swift in Sources */,
				90B6E21B2070D02C00CFEDBF /* AppDelegate.swift in Sources */,
			);
			runOnlyForDeploymentPostprocessing = 0;
		};
/* End PBXSourcesBuildPhase section */

/* Begin PBXVariantGroup section */
		90B6E21E2070D02C00CFEDBF /* Main.storyboard */ = {
			isa = PBXVariantGroup;
			children = (
				90B6E21F2070D02C00CFEDBF /* Base */,
			);
			name = Main.storyboard;
			sourceTree = "<group>";
		};
		90B6E2232070D02F00CFEDBF /* LaunchScreen.storyboard */ = {
			isa = PBXVariantGroup;
			children = (
				90B6E2242070D02F00CFEDBF /* Base */,
			);
			name = LaunchScreen.storyboard;
			sourceTree = "<group>";
		};
/* End PBXVariantGroup section */

/* Begin XCBuildConfiguration section */
		90B6E2272070D02F00CFEDBF /* Debug */ = {
			isa = XCBuildConfiguration;
			buildSettings = {
				ALWAYS_SEARCH_USER_PATHS = NO;
				CLANG_ANALYZER_NONNULL = YES;
				CLANG_ANALYZER_NUMBER_OBJECT_CONVERSION = YES_AGGRESSIVE;
				CLANG_CXX_LANGUAGE_STANDARD = "gnu++14";
				CLANG_CXX_LIBRARY = "libc++";
				CLANG_ENABLE_MODULES = YES;
				CLANG_ENABLE_OBJC_ARC = YES;
				CLANG_ENABLE_OBJC_WEAK = YES;
				CLANG_WARN_BLOCK_CAPTURE_AUTORELEASING = YES;
				CLANG_WARN_BOOL_CONVERSION = YES;
				CLANG_WARN_COMMA = YES;
				CLANG_WARN_CONSTANT_CONVERSION = YES;
				CLANG_WARN_DEPRECATED_OBJC_IMPLEMENTATIONS = YES;
				CLANG_WARN_DIRECT_OBJC_ISA_USAGE = YES_ERROR;
				CLANG_WARN_DOCUMENTATION_COMMENTS = YES;
				CLANG_WARN_EMPTY_BODY = YES;
				CLANG_WARN_ENUM_CONVERSION = YES;
				CLANG_WARN_INFINITE_RECURSION = YES;
				CLANG_WARN_INT_CONVERSION = YES;
				CLANG_WARN_NON_LITERAL_NULL_CONVERSION = YES;
				CLANG_WARN_OBJC_IMPLICIT_RETAIN_SELF = YES;
				CLANG_WARN_OBJC_LITERAL_CONVERSION = YES;
				CLANG_WARN_OBJC_ROOT_CLASS = YES_ERROR;
				CLANG_WARN_RANGE_LOOP_ANALYSIS = YES;
				CLANG_WARN_STRICT_PROTOTYPES = YES;
				CLANG_WARN_SUSPICIOUS_MOVE = YES;
				CLANG_WARN_UNGUARDED_AVAILABILITY = YES_AGGRESSIVE;
				CLANG_WARN_UNREACHABLE_CODE = YES;
				CLANG_WARN__DUPLICATE_METHOD_MATCH = YES;
				CODE_SIGN_IDENTITY = "iPhone Developer";
				COPY_PHASE_STRIP = NO;
				DEBUG_INFORMATION_FORMAT = dwarf;
				ENABLE_STRICT_OBJC_MSGSEND = YES;
				ENABLE_TESTABILITY = YES;
				GCC_C_LANGUAGE_STANDARD = gnu11;
				GCC_DYNAMIC_NO_PIC = NO;
				GCC_NO_COMMON_BLOCKS = YES;
				GCC_OPTIMIZATION_LEVEL = 0;
				GCC_PREPROCESSOR_DEFINITIONS = (
					"DEBUG=1",
					"$(inherited)",
				);
				GCC_WARN_64_TO_32_BIT_CONVERSION = YES;
				GCC_WARN_ABOUT_RETURN_TYPE = YES_ERROR;
				GCC_WARN_UNDECLARED_SELECTOR = YES;
				GCC_WARN_UNINITIALIZED_AUTOS = YES_AGGRESSIVE;
				GCC_WARN_UNUSED_FUNCTION = YES;
				GCC_WARN_UNUSED_VARIABLE = YES;
				IPHONEOS_DEPLOYMENT_TARGET = 11.3;
				MTL_ENABLE_DEBUG_INFO = YES;
				ONLY_ACTIVE_ARCH = YES;
				SDKROOT = iphoneos;
				SWIFT_ACTIVE_COMPILATION_CONDITIONS = DEBUG;
				SWIFT_OPTIMIZATION_LEVEL = "-Onone";
			};
			name = Debug;
		};
		90B6E2282070D02F00CFEDBF /* Release */ = {
			isa = XCBuildConfiguration;
			buildSettings = {
				ALWAYS_SEARCH_USER_PATHS = NO;
				CLANG_ANALYZER_NONNULL = YES;
				CLANG_ANALYZER_NUMBER_OBJECT_CONVERSION = YES_AGGRESSIVE;
				CLANG_CXX_LANGUAGE_STANDARD = "gnu++14";
				CLANG_CXX_LIBRARY = "libc++";
				CLANG_ENABLE_MODULES = YES;
				CLANG_ENABLE_OBJC_ARC = YES;
				CLANG_ENABLE_OBJC_WEAK = YES;
				CLANG_WARN_BLOCK_CAPTURE_AUTORELEASING = YES;
				CLANG_WARN_BOOL_CONVERSION = YES;
				CLANG_WARN_COMMA = YES;
				CLANG_WARN_CONSTANT_CONVERSION = YES;
				CLANG_WARN_DEPRECATED_OBJC_IMPLEMENTATIONS = YES;
				CLANG_WARN_DIRECT_OBJC_ISA_USAGE = YES_ERROR;
				CLANG_WARN_DOCUMENTATION_COMMENTS = YES;
				CLANG_WARN_EMPTY_BODY = YES;
				CLANG_WARN_ENUM_CONVERSION = YES;
				CLANG_WARN_INFINITE_RECURSION = YES;
				CLANG_WARN_INT_CONVERSION = YES;
				CLANG_WARN_NON_LITERAL_NULL_CONVERSION = YES;
				CLANG_WARN_OBJC_IMPLICIT_RETAIN_SELF = YES;
				CLANG_WARN_OBJC_LITERAL_CONVERSION = YES;
				CLANG_WARN_OBJC_ROOT_CLASS = YES_ERROR;
				CLANG_WARN_RANGE_LOOP_ANALYSIS = YES;
				CLANG_WARN_STRICT_PROTOTYPES = YES;
				CLANG_WARN_SUSPICIOUS_MOVE = YES;
				CLANG_WARN_UNGUARDED_AVAILABILITY = YES_AGGRESSIVE;
				CLANG_WARN_UNREACHABLE_CODE = YES;
				CLANG_WARN__DUPLICATE_METHOD_MATCH = YES;
				CODE_SIGN_IDENTITY = "iPhone Developer";
				COPY_PHASE_STRIP = NO;
				DEBUG_INFORMATION_FORMAT = "dwarf-with-dsym";
				ENABLE_NS_ASSERTIONS = NO;
				ENABLE_STRICT_OBJC_MSGSEND = YES;
				GCC_C_LANGUAGE_STANDARD = gnu11;
				GCC_NO_COMMON_BLOCKS = YES;
				GCC_WARN_64_TO_32_BIT_CONVERSION = YES;
				GCC_WARN_ABOUT_RETURN_TYPE = YES_ERROR;
				GCC_WARN_UNDECLARED_SELECTOR = YES;
				GCC_WARN_UNINITIALIZED_AUTOS = YES_AGGRESSIVE;
				GCC_WARN_UNUSED_FUNCTION = YES;
				GCC_WARN_UNUSED_VARIABLE = YES;
				IPHONEOS_DEPLOYMENT_TARGET = 11.3;
				MTL_ENABLE_DEBUG_INFO = NO;
				SDKROOT = iphoneos;
				SWIFT_COMPILATION_MODE = wholemodule;
				SWIFT_OPTIMIZATION_LEVEL = "-O";
				VALIDATE_PRODUCT = YES;
			};
			name = Release;
		};
		90B6E22A2070D02F00CFEDBF /* Debug */ = {
			isa = XCBuildConfiguration;
			buildSettings = {
				ASSETCATALOG_COMPILER_APPICON_NAME = AppIcon;
				CODE_SIGN_STYLE = Manual;
				DEVELOPMENT_TEAM = "";
				FRAMEWORK_SEARCH_PATHS = (
					"$(inherited)",
					"$(PROJECT_DIR)/build",
				);
				INFOPLIST_FILE = MultiplatformHost/Info.plist;
				KONAN_LIBRARY_BUILD_DIR = "";
				"KONAN_LIBRARY_BUILD_DIR[sdk=iphoneos*]" = $SRCROOT/../platform.ios/build/konan/bin/iphone;
				"KONAN_LIBRARY_BUILD_DIR[sdk=iphonesimulator*]" = $SRCROOT/../platform.ios/build/konan/bin/iphone_sim;
				LD_RUNPATH_SEARCH_PATHS = (
					"$(inherited)",
					"@executable_path/Frameworks",
				);
				PRODUCT_BUNDLE_IDENTIFIER = net.irgaly.kotlin.multiplatform.MultiplatformHost;
				PRODUCT_NAME = "$(TARGET_NAME)";
				PROVISIONING_PROFILE_SPECIFIER = "";
				SWIFT_OBJC_BRIDGING_HEADER = "$(SRCROOT)/$(PRODUCT)/MultiplatformHost-Bridging-Header.h";
				SWIFT_VERSION = 4.0;
				TARGETED_DEVICE_FAMILY = "1,2";
			};
			name = Debug;
		};
		90B6E22B2070D02F00CFEDBF /* Release */ = {
			isa = XCBuildConfiguration;
			buildSettings = {
				ASSETCATALOG_COMPILER_APPICON_NAME = AppIcon;
				CODE_SIGN_STYLE = Manual;
				DEVELOPMENT_TEAM = "";
				FRAMEWORK_SEARCH_PATHS = (
					"$(inherited)",
					"$(PROJECT_DIR)/build",
				);
				INFOPLIST_FILE = MultiplatformHost/Info.plist;
				KONAN_LIBRARY_BUILD_DIR = "";
				"KONAN_LIBRARY_BUILD_DIR[sdk=iphoneos*]" = $SRCROOT/../platform.ios/build/konan/bin/iphone;
				"KONAN_LIBRARY_BUILD_DIR[sdk=iphonesimulator*]" = $SRCROOT/../platform.ios/build/konan/bin/iphone_sim;
				LD_RUNPATH_SEARCH_PATHS = (
					"$(inherited)",
					"@executable_path/Frameworks",
				);
				PRODUCT_BUNDLE_IDENTIFIER = net.irgaly.kotlin.multiplatform.MultiplatformHost;
				PRODUCT_NAME = "$(TARGET_NAME)";
				PROVISIONING_PROFILE_SPECIFIER = "";
				SWIFT_OBJC_BRIDGING_HEADER = "$(SRCROOT)/$(PRODUCT)/MultiplatformHost-Bridging-Header.h";
				SWIFT_VERSION = 4.0;
				TARGETED_DEVICE_FAMILY = "1,2";
			};
			name = Release;
		};
/* End XCBuildConfiguration section */

/* Begin XCConfigurationList section */
		90B6E2122070D02C00CFEDBF /* Build configuration list for PBXProject "MultiplatformHost" */ = {
			isa = XCConfigurationList;
			buildConfigurations = (
				90B6E2272070D02F00CFEDBF /* Debug */,
				90B6E2282070D02F00CFEDBF /* Release */,
			);
			defaultConfigurationIsVisible = 0;
			defaultConfigurationName = Release;
		};
		90B6E2292070D02F00CFEDBF /* Build configuration list for PBXNativeTarget "MultiplatformHost" */ = {
			isa = XCConfigurationList;
			buildConfigurations = (
				90B6E22A2070D02F00CFEDBF /* Debug */,
				90B6E22B2070D02F00CFEDBF /* Release */,
			);
			defaultConfigurationIsVisible = 0;
			defaultConfigurationName = Release;
		};
/* End XCConfigurationList section */
	};
	rootObject = 90B6E20F2070D02C00CFEDBF /* Project object */;
}
